
Microsoft Visual Studio Solution File, Format Version 12.00
# Visual Studio Version 16
VisualStudioVersion = 16.0.30225.117
MinimumVisualStudioVersion = 10.0.40219.1
Project("{9A19103F-16F7-4668-BE54-9A1E7A4F7556}") = "OpenCvVideoTester", "OpenCvVideoTester\OpenCvVideoTester.csproj", "{DD0E06C8-A815-4F3D-ADA7-359E620C6710}"
EndProject
Project("{FAE04EC0-301F-11D3-BF4B-00C04F79EFBC}") = "FeatureTest", "FeatureTest\FeatureTest.csproj", "{7DF9CC6F-1A49-4507-8556-83C7C2BA0F16}"
EndProject
Global
	GlobalSection(SolutionConfigurationPlatforms) = preSolution
		Debug|Any CPU = Debug|Any CPU
		Release|Any CPU = Release|Any CPU
	EndGlobalSection
	GlobalSection(ProjectConfigurationPlatforms) = postSolution
		{DD0E06C8-A815-4F3D-ADA7-359E620C6710}.Debug|Any CPU.ActiveCfg = Debug|Any CPU
		{DD0E06C8-A815-4F3D-ADA7-359E620C6710}.Debug|Any CPU.Build.0 = Debug|Any CPU
		{DD0E06C8-A815-4F3D-ADA7-359E620C6710}.Release|Any CPU.ActiveCfg = Release|Any CPU
		{DD0E06C8-A815-4F3D-ADA7-359E620C6710}.Release|Any CPU.Build.0 = Release|Any CPU
		{7DF9CC6F-1A49-4507-8556-83C7C2BA0F16}.Debug|Any CPU.ActiveCfg = Debug|Any CPU
		{7DF9CC6F-1A49-4507-8556-83C7C2BA0F16}.Debug|Any CPU.Build.0 = Debug|Any CPU
		{7DF9CC6F-1A49-4507-8556-83C7C2BA0F16}.Release|Any CPU.ActiveCfg = Release|Any CPU
		{7DF9CC6F-1A49-4507-8556-83C7C2BA0F16}.Release|Any CPU.Build.0 = Release|Any CPU
	EndGlobalSection
	GlobalSection(SolutionProperties) = preSolution
		HideSolutionNode = FALSE
	EndGlobalSection
	GlobalSection(ExtensibilityGlobals) = postSolution
		SolutionGuid = {30257DA9-33D5-4524-9FB0-67E8D80DFBC1}
	EndGlobalSection
EndGlobal
